
Microsoft Visual Studio Solution File, Format Version 12.00
# Visual Studio Version 16
VisualStudioVersion = 16.0.32002.261
MinimumVisualStudioVersion = 10.0.40219.1
Project("{FAE04EC0-301F-11D3-BF4B-00C04F79EFBC}") = "tietokantojen-hyodyntaminen-02", "tietokantojen-hyodyntaminen-02.csproj", "{C8874F05-2865-4FBA-AC41-6714AA09BB8C}"
EndProject
Global
	GlobalSection(SolutionConfigurationPlatforms) = preSolution
		Debug|Any CPU = Debug|Any CPU
		Release|Any CPU = Release|Any CPU
	EndGlobalSection
	GlobalSection(ProjectConfigurationPlatforms) = postSolution
		{C8874F05-2865-4FBA-AC41-6714AA09BB8C}.Debug|Any CPU.ActiveCfg = Debug|Any CPU
		{C8874F05-2865-4FBA-AC41-6714AA09BB8C}.Debug|Any CPU.Build.0 = Debug|Any CPU
		{C8874F05-2865-4FBA-AC41-6714AA09BB8C}.Release|Any CPU.ActiveCfg = Release|Any CPU
		{C8874F05-2865-4FBA-AC41-6714AA09BB8C}.Release|Any CPU.Build.0 = Release|Any CPU
	EndGlobalSection
	GlobalSection(SolutionProperties) = preSolution
		HideSolutionNode = FALSE
	EndGlobalSection
	GlobalSection(ExtensibilityGlobals) = postSolution
		SolutionGuid = {6FC7D2AC-DE77-468F-A666-7115DB66A453}
	EndGlobalSection
EndGlobal
